
Microsoft Visual Studio Solution File, Format Version 12.00
# Visual Studio Version 16
VisualStudioVersion = 16.0.31702.278
MinimumVisualStudioVersion = 10.0.40219.1
Project("{FAE04EC0-301F-11D3-BF4B-00C04F79EFBC}") = "someMatrixSort", "someMatrixSort\someMatrixSort.csproj", "{5FAC48F6-1181-4FB2-B6A8-65D541D89E6B}"
EndProject
Global
	GlobalSection(SolutionConfigurationPlatforms) = preSolution
		Debug|Any CPU = Debug|Any CPU
		Release|Any CPU = Release|Any CPU
	EndGlobalSection
	GlobalSection(ProjectConfigurationPlatforms) = postSolution
		{5FAC48F6-1181-4FB2-B6A8-65D541D89E6B}.Debug|Any CPU.ActiveCfg = Debug|Any CPU
		{5FAC48F6-1181-4FB2-B6A8-65D541D89E6B}.Debug|Any CPU.Build.0 = Debug|Any CPU
		{5FAC48F6-1181-4FB2-B6A8-65D541D89E6B}.Release|Any CPU.ActiveCfg = Release|Any CPU
		{5FAC48F6-1181-4FB2-B6A8-65D541D89E6B}.Release|Any CPU.Build.0 = Release|Any CPU
	EndGlobalSection
	GlobalSection(SolutionProperties) = preSolution
		HideSolutionNode = FALSE
	EndGlobalSection
	GlobalSection(ExtensibilityGlobals) = postSolution
		SolutionGuid = {7AC2EFB1-642D-4E22-BB35-E2C3E4796CD8}
	EndGlobalSection
EndGlobal
